
Microsoft Visual Studio Solution File, Format Version 12.00
# Visual Studio Version 17
VisualStudioVersion = 17.7.34031.279
MinimumVisualStudioVersion = 10.0.40219.1
Project("{9A19103F-16F7-4668-BE54-9A1E7A4F7556}") = "ProductCatalogWebApi", "ProductWebAPI\ProductCatalogWebApi.csproj", "{71CA7E3D-A96A-4B97-BC50-D5BA157F0FD4}"
EndProject
Project("{9A19103F-16F7-4668-BE54-9A1E7A4F7556}") = "ProductCatalogCore", "ProductCore\ProductCatalogCore.csproj", "{B6539C46-A5ED-441C-B34D-E3F26CE5C3D6}"
EndProject
Global
	GlobalSection(SolutionConfigurationPlatforms) = preSolution
		Debug|Any CPU = Debug|Any CPU
		Release|Any CPU = Release|Any CPU
	EndGlobalSection
	GlobalSection(ProjectConfigurationPlatforms) = postSolution
		{71CA7E3D-A96A-4B97-BC50-D5BA157F0FD4}.Debug|Any CPU.ActiveCfg = Debug|Any CPU
		{71CA7E3D-A96A-4B97-BC50-D5BA157F0FD4}.Debug|Any CPU.Build.0 = Debug|Any CPU
		{71CA7E3D-A96A-4B97-BC50-D5BA157F0FD4}.Release|Any CPU.ActiveCfg = Release|Any CPU
		{71CA7E3D-A96A-4B97-BC50-D5BA157F0FD4}.Release|Any CPU.Build.0 = Release|Any CPU
		{B6539C46-A5ED-441C-B34D-E3F26CE5C3D6}.Debug|Any CPU.ActiveCfg = Debug|Any CPU
		{B6539C46-A5ED-441C-B34D-E3F26CE5C3D6}.Debug|Any CPU.Build.0 = Debug|Any CPU
		{B6539C46-A5ED-441C-B34D-E3F26CE5C3D6}.Release|Any CPU.ActiveCfg = Release|Any CPU
		{B6539C46-A5ED-441C-B34D-E3F26CE5C3D6}.Release|Any CPU.Build.0 = Release|Any CPU
	EndGlobalSection
	GlobalSection(SolutionProperties) = preSolution
		HideSolutionNode = FALSE
	EndGlobalSection
	GlobalSection(ExtensibilityGlobals) = postSolution
		SolutionGuid = {58702210-E14C-4C50-AE1E-1FE861E465DD}
	EndGlobalSection
EndGlobal
